
Microsoft Visual Studio Solution File, Format Version 12.00
# Visual Studio Version 17
VisualStudioVersion = 17.4.33213.308
MinimumVisualStudioVersion = 10.0.40219.1
Project("{FAE04EC0-301F-11D3-BF4B-00C04F79EFBC}") = "Atividade_2", "Atividade_2\Atividade_2.csproj", "{58AD822A-3F13-47C8-8886-81D37996D13F}"
EndProject
Project("{FAE04EC0-301F-11D3-BF4B-00C04F79EFBC}") = "Atividade_1", "Atividade_1\Atividade_1.csproj", "{B4850ABB-BF21-40BF-8A1C-6EA4BFC3C55C}"
EndProject
Global
	GlobalSection(SolutionConfigurationPlatforms) = preSolution
		Debug|Any CPU = Debug|Any CPU
		Release|Any CPU = Release|Any CPU
	EndGlobalSection
	GlobalSection(ProjectConfigurationPlatforms) = postSolution
		{58AD822A-3F13-47C8-8886-81D37996D13F}.Debug|Any CPU.ActiveCfg = Debug|Any CPU
		{58AD822A-3F13-47C8-8886-81D37996D13F}.Debug|Any CPU.Build.0 = Debug|Any CPU
		{58AD822A-3F13-47C8-8886-81D37996D13F}.Release|Any CPU.ActiveCfg = Release|Any CPU
		{58AD822A-3F13-47C8-8886-81D37996D13F}.Release|Any CPU.Build.0 = Release|Any CPU
		{B4850ABB-BF21-40BF-8A1C-6EA4BFC3C55C}.Debug|Any CPU.ActiveCfg = Debug|Any CPU
		{B4850ABB-BF21-40BF-8A1C-6EA4BFC3C55C}.Debug|Any CPU.Build.0 = Debug|Any CPU
		{B4850ABB-BF21-40BF-8A1C-6EA4BFC3C55C}.Release|Any CPU.ActiveCfg = Release|Any CPU
		{B4850ABB-BF21-40BF-8A1C-6EA4BFC3C55C}.Release|Any CPU.Build.0 = Release|Any CPU
	EndGlobalSection
	GlobalSection(SolutionProperties) = preSolution
		HideSolutionNode = FALSE
	EndGlobalSection
	GlobalSection(ExtensibilityGlobals) = postSolution
		SolutionGuid = {336DACBE-5E87-4BD6-A79D-FF00E83361F0}
	EndGlobalSection
EndGlobal
