
Microsoft Visual Studio Solution File, Format Version 12.00
# Visual Studio Version 17
VisualStudioVersion = 17.5.33516.290
MinimumVisualStudioVersion = 10.0.40219.1
Project("{FAE04EC0-301F-11D3-BF4B-00C04F79EFBC}") = "Exercício Revisão 18-04", "Exercício Revisão 18-04\Exercício Revisão 18-04.csproj", "{61CBB8F3-B05B-437D-8BBF-6124EE1AFCEC}"
EndProject
Global
	GlobalSection(SolutionConfigurationPlatforms) = preSolution
		Debug|Any CPU = Debug|Any CPU
		Release|Any CPU = Release|Any CPU
	EndGlobalSection
	GlobalSection(ProjectConfigurationPlatforms) = postSolution
		{61CBB8F3-B05B-437D-8BBF-6124EE1AFCEC}.Debug|Any CPU.ActiveCfg = Debug|Any CPU
		{61CBB8F3-B05B-437D-8BBF-6124EE1AFCEC}.Debug|Any CPU.Build.0 = Debug|Any CPU
		{61CBB8F3-B05B-437D-8BBF-6124EE1AFCEC}.Release|Any CPU.ActiveCfg = Release|Any CPU
		{61CBB8F3-B05B-437D-8BBF-6124EE1AFCEC}.Release|Any CPU.Build.0 = Release|Any CPU
	EndGlobalSection
	GlobalSection(SolutionProperties) = preSolution
		HideSolutionNode = FALSE
	EndGlobalSection
	GlobalSection(ExtensibilityGlobals) = postSolution
		SolutionGuid = {0A54E153-8E20-4B8A-8732-71D878E4BE3C}
	EndGlobalSection
EndGlobal
